// !$*UTF8*$!
{
	archiveVersion = 1;
	classes = {
	};
	objectVersion = 46;
	objects = {

/* Begin PBXBuildFile section */
		BFA500531B442B8C003BF7E2 /* Foundation.framework in Frameworks */ = {isa = PBXBuildFile; fileRef = BFA500521B442B8C003BF7E2 /* Foundation.framework */; };
		BFA500551B442B8C003BF7E2 /* CoreGraphics.framework in Frameworks */ = {isa = PBXBuildFile; fileRef = BFA500541B442B8C003BF7E2 /* CoreGraphics.framework */; };
		BFA500571B442B8C003BF7E2 /* UIKit.framework in Frameworks */ = {isa = PBXBuildFile; fileRef = BFA500561B442B8C003BF7E2 /* UIKit.framework */; };
		BFA5005D1B442B8C003BF7E2 /* InfoPlist.strings in Resources */ = {isa = PBXBuildFile; fileRef = BFA5005B1B442B8C003BF7E2 /* InfoPlist.strings */; };
		BFA5005F1B442B8C003BF7E2 /* main.m in Sources */ = {isa = PBXBuildFile; fileRef = BFA5005E1B442B8C003BF7E2 /* main.m */; };
		BFA500631B442B8C003BF7E2 /* BEAppDelegate.m in Sources */ = {isa = PBXBuildFile; fileRef = BFA500621B442B8C003BF7E2 /* BEAppDelegate.m */; };
		BFA500651B442B8C003BF7E2 /* Images.xcassets in Resources */ = {isa = PBXBuildFile; fileRef = BFA500641B442B8C003BF7E2 /* Images.xcassets */; };
		BFA5006C1B442B8C003BF7E2 /* XCTest.framework in Frameworks */ = {isa = PBXBuildFile; fileRef = BFA5006B1B442B8C003BF7E2 /* XCTest.framework */; };
		BFA5006D1B442B8C003BF7E2 /* Foundation.framework in Frameworks */ = {isa = PBXBuildFile; fileRef = BFA500521B442B8C003BF7E2 /* Foundation.framework */; };
		BFA5006E1B442B8C003BF7E2 /* UIKit.framework in Frameworks */ = {isa = PBXBuildFile; fileRef = BFA500561B442B8C003BF7E2 /* UIKit.framework */; };
		BFA500761B442B8C003BF7E2 /* InfoPlist.strings in Resources */ = {isa = PBXBuildFile; fileRef = BFA500741B442B8C003BF7E2 /* InfoPlist.strings */; };
		BFA500781B442B8C003BF7E2 /* BoomEatTests.m in Sources */ = {isa = PBXBuildFile; fileRef = BFA500771B442B8C003BF7E2 /* BoomEatTests.m */; };
		BFA500851B442CCB003BF7E2 /* BaseViewController.m in Sources */ = {isa = PBXBuildFile; fileRef = BFA500821B442CCB003BF7E2 /* BaseViewController.m */; };
		BFA500861B442CCB003BF7E2 /* PathViewController.m in Sources */ = {isa = PBXBuildFile; fileRef = BFA500841B442CCB003BF7E2 /* PathViewController.m */; };
/* End PBXBuildFile section */

/* Begin PBXContainerItemProxy section */
		BFA5006F1B442B8C003BF7E2 /* PBXContainerItemProxy */ = {
			isa = PBXContainerItemProxy;
			containerPortal = BFA500471B442B8C003BF7E2 /* Project object */;
			proxyType = 1;
			remoteGlobalIDString = BFA5004E1B442B8C003BF7E2;
			remoteInfo = BoomEat;
		};
/* End PBXContainerItemProxy section */

/* Begin PBXFileReference section */
		BFA5004F1B442B8C003BF7E2 /* BoomEat.app */ = {isa = PBXFileReference; explicitFileType = wrapper.application; includeInIndex = 0; path = BoomEat.app; sourceTree = BUILT_PRODUCTS_DIR; };
		BFA500521B442B8C003BF7E2 /* Foundation.framework */ = {isa = PBXFileReference; lastKnownFileType = wrapper.framework; name = Foundation.framework; path = System/Library/Frameworks/Foundation.framework; sourceTree = SDKROOT; };
		BFA500541B442B8C003BF7E2 /* CoreGraphics.framework */ = {isa = PBXFileReference; lastKnownFileType = wrapper.framework; name = CoreGraphics.framework; path = System/Library/Frameworks/CoreGraphics.framework; sourceTree = SDKROOT; };
		BFA500561B442B8C003BF7E2 /* UIKit.framework */ = {isa = PBXFileReference; lastKnownFileType = wrapper.framework; name = UIKit.framework; path = System/Library/Frameworks/UIKit.framework; sourceTree = SDKROOT; };
		BFA5005A1B442B8C003BF7E2 /* BoomEat-Info.plist */ = {isa = PBXFileReference; lastKnownFileType = text.plist.xml; path = "BoomEat-Info.plist"; sourceTree = "<group>"; };
		BFA5005C1B442B8C003BF7E2 /* en */ = {isa = PBXFileReference; lastKnownFileType = text.plist.strings; name = en; path = en.lproj/InfoPlist.strings; sourceTree = "<group>"; };
		BFA5005E1B442B8C003BF7E2 /* main.m */ = {isa = PBXFileReference; lastKnownFileType = sourcecode.c.objc; path = main.m; sourceTree = "<group>"; };
		BFA500601B442B8C003BF7E2 /* BoomEat-Prefix.pch */ = {isa = PBXFileReference; lastKnownFileType = sourcecode.c.h; path = "BoomEat-Prefix.pch"; sourceTree = "<group>"; };
		BFA500611B442B8C003BF7E2 /* BEAppDelegate.h */ = {isa = PBXFileReference; lastKnownFileType = sourcecode.c.h; path = BEAppDelegate.h; sourceTree = "<group>"; };
		BFA500621B442B8C003BF7E2 /* BEAppDelegate.m */ = {isa = PBXFileReference; lastKnownFileType = sourcecode.c.objc; path = BEAppDelegate.m; sourceTree = "<group>"; };
		BFA500641B442B8C003BF7E2 /* Images.xcassets */ = {isa = PBXFileReference; lastKnownFileType = folder.assetcatalog; path = Images.xcassets; sourceTree = "<group>"; };
		BFA5006A1B442B8C003BF7E2 /* BoomEatTests.xctest */ = {isa = PBXFileReference; explicitFileType = wrapper.cfbundle; includeInIndex = 0; path = BoomEatTests.xctest; sourceTree = BUILT_PRODUCTS_DIR; };
		BFA5006B1B442B8C003BF7E2 /* XCTest.framework */ = {isa = PBXFileReference; lastKnownFileType = wrapper.framework; name = XCTest.framework; path = Library/Frameworks/XCTest.framework; sourceTree = DEVELOPER_DIR; };
		BFA500731B442B8C003BF7E2 /* BoomEatTests-Info.plist */ = {isa = PBXFileReference; lastKnownFileType = text.plist.xml; path = "BoomEatTests-Info.plist"; sourceTree = "<group>"; };
		BFA500751B442B8C003BF7E2 /* en */ = {isa = PBXFileReference; lastKnownFileType = text.plist.strings; name = en; path = en.lproj/InfoPlist.strings; sourceTree = "<group>"; };
		BFA500771B442B8C003BF7E2 /* BoomEatTests.m */ = {isa = PBXFileReference; lastKnownFileType = sourcecode.c.objc; path = BoomEatTests.m; sourceTree = "<group>"; };
		BFA500811B442CCB003BF7E2 /* BaseViewController.h */ = {isa = PBXFileReference; fileEncoding = 4; lastKnownFileType = sourcecode.c.h; name = BaseViewController.h; path = ../../BoomEat1/BoomEat/BaseViewController.h; sourceTree = "<group>"; };
		BFA500821B442CCB003BF7E2 /* BaseViewController.m */ = {isa = PBXFileReference; fileEncoding = 4; lastKnownFileType = sourcecode.c.objc; name = BaseViewController.m; path = ../../BoomEat1/BoomEat/BaseViewController.m; sourceTree = "<group>"; };
		BFA500831B442CCB003BF7E2 /* PathViewController.h */ = {isa = PBXFileReference; fileEncoding = 4; lastKnownFileType = sourcecode.c.h; name = PathViewController.h; path = ../../BoomEat1/BoomEat/PathViewController.h; sourceTree = "<group>"; };
		BFA500841B442CCB003BF7E2 /* PathViewController.m */ = {isa = PBXFileReference; fileEncoding = 4; lastKnownFileType = sourcecode.c.objc; name = PathViewController.m; path = ../../BoomEat1/BoomEat/PathViewController.m; sourceTree = "<group>"; };
/* End PBXFileReference section */

/* Begin PBXFrameworksBuildPhase section */
		BFA5004C1B442B8C003BF7E2 /* Frameworks */ = {
			isa = PBXFrameworksBuildPhase;
			buildActionMask = 2147483647;
			files = (
				BFA500551B442B8C003BF7E2 /* CoreGraphics.framework in Frameworks */,
				BFA500571B442B8C003BF7E2 /* UIKit.framework in Frameworks */,
				BFA500531B442B8C003BF7E2 /* Foundation.framework in Frameworks */,
			);
			runOnlyForDeploymentPostprocessing = 0;
		};
		BFA500671B442B8C003BF7E2 /* Frameworks */ = {
			isa = PBXFrameworksBuildPhase;
			buildActionMask = 2147483647;
			files = (
				BFA5006C1B442B8C003BF7E2 /* XCTest.framework in Frameworks */,
				BFA5006E1B442B8C003BF7E2 /* UIKit.framework in Frameworks */,
				BFA5006D1B442B8C003BF7E2 /* Foundation.framework in Frameworks */,
			);
			runOnlyForDeploymentPostprocessing = 0;
		};
/* End PBXFrameworksBuildPhase section */

/* Begin PBXGroup section */
		BFA500461B442B8C003BF7E2 = {
			isa = PBXGroup;
			children = (
				BFA500581B442B8C003BF7E2 /* BoomEat */,
				BFA500711B442B8C003BF7E2 /* BoomEatTests */,
				BFA500511B442B8C003BF7E2 /* Frameworks */,
				BFA500501B442B8C003BF7E2 /* Products */,
			);
			sourceTree = "<group>";
		};
		BFA500501B442B8C003BF7E2 /* Products */ = {
			isa = PBXGroup;
			children = (
				BFA5004F1B442B8C003BF7E2 /* BoomEat.app */,
				BFA5006A1B442B8C003BF7E2 /* BoomEatTests.xctest */,
			);
			name = Products;
			sourceTree = "<group>";
		};
		BFA500511B442B8C003BF7E2 /* Frameworks */ = {
			isa = PBXGroup;
			children = (
				BFA500521B442B8C003BF7E2 /* Foundation.framework */,
				BFA500541B442B8C003BF7E2 /* CoreGraphics.framework */,
				BFA500561B442B8C003BF7E2 /* UIKit.framework */,
				BFA5006B1B442B8C003BF7E2 /* XCTest.framework */,
			);
			name = Frameworks;
			sourceTree = "<group>";
		};
		BFA500581B442B8C003BF7E2 /* BoomEat */ = {
			isa = PBXGroup;
			children = (
				BFA500811B442CCB003BF7E2 /* BaseViewController.h */,
				BFA500821B442CCB003BF7E2 /* BaseViewController.m */,
				BFA500831B442CCB003BF7E2 /* PathViewController.h */,
				BFA500841B442CCB003BF7E2 /* PathViewController.m */,
				BFA500611B442B8C003BF7E2 /* BEAppDelegate.h */,
				BFA500621B442B8C003BF7E2 /* BEAppDelegate.m */,
				BFA500641B442B8C003BF7E2 /* Images.xcassets */,
				BFA500591B442B8C003BF7E2 /* Supporting Files */,
			);
			path = BoomEat;
			sourceTree = "<group>";
		};
		BFA500591B442B8C003BF7E2 /* Supporting Files */ = {
			isa = PBXGroup;
			children = (
				BFA5005A1B442B8C003BF7E2 /* BoomEat-Info.plist */,
				BFA5005B1B442B8C003BF7E2 /* InfoPlist.strings */,
				BFA5005E1B442B8C003BF7E2 /* main.m */,
				BFA500601B442B8C003BF7E2 /* BoomEat-Prefix.pch */,
			);
			name = "Supporting Files";
			sourceTree = "<group>";
		};
		BFA500711B442B8C003BF7E2 /* BoomEatTests */ = {
			isa = PBXGroup;
			children = (
				BFA500771B442B8C003BF7E2 /* BoomEatTests.m */,
				BFA500721B442B8C003BF7E2 /* Supporting Files */,
			);
			path = BoomEatTests;
			sourceTree = "<group>";
		};
		BFA500721B442B8C003BF7E2 /* Supporting Files */ = {
			isa = PBXGroup;
			children = (
				BFA500731B442B8C003BF7E2 /* BoomEatTests-Info.plist */,
				BFA500741B442B8C003BF7E2 /* InfoPlist.strings */,
			);
			name = "Supporting Files";
			sourceTree = "<group>";
		};
/* End PBXGroup section */

/* Begin PBXNativeTarget section */
		BFA5004E1B442B8C003BF7E2 /* BoomEat */ = {
			isa = PBXNativeTarget;
			buildConfigurationList = BFA5007B1B442B8C003BF7E2 /* Build configuration list for PBXNativeTarget "BoomEat" */;
			buildPhases = (
				BFA5004B1B442B8C003BF7E2 /* Sources */,
				BFA5004C1B442B8C003BF7E2 /* Frameworks */,
				BFA5004D1B442B8C003BF7E2 /* Resources */,
			);
			buildRules = (
			);
			dependencies = (
			);
			name = BoomEat;
			productName = BoomEat;
			productReference = BFA5004F1B442B8C003BF7E2 /* BoomEat.app */;
			productType = "com.apple.product-type.application";
		};
		BFA500691B442B8C003BF7E2 /* BoomEatTests */ = {
			isa = PBXNativeTarget;
			buildConfigurationList = BFA5007E1B442B8C003BF7E2 /* Build configuration list for PBXNativeTarget "BoomEatTests" */;
			buildPhases = (
				BFA500661B442B8C003BF7E2 /* Sources */,
				BFA500671B442B8C003BF7E2 /* Frameworks */,
				BFA500681B442B8C003BF7E2 /* Resources */,
			);
			buildRules = (
			);
			dependencies = (
				BFA500701B442B8C003BF7E2 /* PBXTargetDependency */,
			);
			name = BoomEatTests;
			productName = BoomEatTests;
			productReference = BFA5006A1B442B8C003BF7E2 /* BoomEatTests.xctest */;
			productType = "com.apple.product-type.bundle.unit-test";
		};
/* End PBXNativeTarget section */

/* Begin PBXProject section */
		BFA500471B442B8C003BF7E2 /* Project object */ = {
			isa = PBXProject;
			attributes = {
				CLASSPREFIX = BE;
				LastUpgradeCheck = 0510;
				ORGANIZATIONNAME = com.be;
				TargetAttributes = {
					BFA500691B442B8C003BF7E2 = {
						TestTargetID = BFA5004E1B442B8C003BF7E2;
					};
				};
			};
			buildConfigurationList = BFA5004A1B442B8C003BF7E2 /* Build configuration list for PBXProject "BoomEat" */;
			compatibilityVersion = "Xcode 3.2";
			developmentRegion = English;
			hasScannedForEncodings = 0;
			knownRegions = (
				en,
			);
			mainGroup = BFA500461B442B8C003BF7E2;
			productRefGroup = BFA500501B442B8C003BF7E2 /* Products */;
			projectDirPath = "";
			projectRoot = "";
			targets = (
				BFA5004E1B442B8C003BF7E2 /* BoomEat */,
				BFA500691B442B8C003BF7E2 /* BoomEatTests */,
			);
		};
/* End PBXProject section */

/* Begin PBXResourcesBuildPhase section */
		BFA5004D1B442B8C003BF7E2 /* Resources */ = {
			isa = PBXResourcesBuildPhase;
			buildActionMask = 2147483647;
			files = (
				BFA5005D1B442B8C003BF7E2 /* InfoPlist.strings in Resources */,
				BFA500651B442B8C003BF7E2 /* Images.xcassets in Resources */,
			);
			runOnlyForDeploymentPostprocessing = 0;
		};
		BFA500681B442B8C003BF7E2 /* Resources */ = {
			isa = PBXResourcesBuildPhase;
			buildActionMask = 2147483647;
			files = (
				BFA500761B442B8C003BF7E2 /* InfoPlist.strings in Resources */,
			);
			runOnlyForDeploymentPostprocessing = 0;
		};
/* End PBXResourcesBuildPhase section */

/* Begin PBXSourcesBuildPhase section */
		BFA5004B1B442B8C003BF7E2 /* Sources */ = {
			isa = PBXSourcesBuildPhase;
			buildActionMask = 2147483647;
			files = (
				BFA5005F1B442B8C003BF7E2 /* main.m in Sources */,
				BFA500851B442CCB003BF7E2 /* BaseViewController.m in Sources */,
				BFA500631B442B8C003BF7E2 /* BEAppDelegate.m in Sources */,
				BFA500861B442CCB003BF7E2 /* PathViewController.m in Sources */,
			);
			runOnlyForDeploymentPostprocessing = 0;
		};
		BFA500661B442B8C003BF7E2 /* Sources */ = {
			isa = PBXSourcesBuildPhase;
			buildActionMask = 2147483647;
			files = (
				BFA500781B442B8C003BF7E2 /* BoomEatTests.m in Sources */,
			);
			runOnlyForDeploymentPostprocessing = 0;
		};
/* End PBXSourcesBuildPhase section */

/* Begin PBXTargetDependency section */
		BFA500701B442B8C003BF7E2 /* PBXTargetDependency */ = {
			isa = PBXTargetDependency;
			target = BFA5004E1B442B8C003BF7E2 /* BoomEat */;
			targetProxy = BFA5006F1B442B8C003BF7E2 /* PBXContainerItemProxy */;
		};
/* End PBXTargetDependency section */

/* Begin PBXVariantGroup section */
		BFA5005B1B442B8C003BF7E2 /* InfoPlist.strings */ = {
			isa = PBXVariantGroup;
			children = (
				BFA5005C1B442B8C003BF7E2 /* en */,
			);
			name = InfoPlist.strings;
			sourceTree = "<group>";
		};
		BFA500741B442B8C003BF7E2 /* InfoPlist.strings */ = {
			isa = PBXVariantGroup;
			children = (
				BFA500751B442B8C003BF7E2 /* en */,
			);
			name = InfoPlist.strings;
			sourceTree = "<group>";
		};
/* End PBXVariantGroup section */

/* Begin XCBuildConfiguration section */
		BFA500791B442B8C003BF7E2 /* Debug */ = {
			isa = XCBuildConfiguration;
			buildSettings = {
				ALWAYS_SEARCH_USER_PATHS = NO;
				CLANG_CXX_LANGUAGE_STANDARD = "gnu++0x";
				CLANG_CXX_LIBRARY = "libc++";
				CLANG_ENABLE_MODULES = YES;
				CLANG_ENABLE_OBJC_ARC = YES;
				CLANG_WARN_BOOL_CONVERSION = YES;
				CLANG_WARN_CONSTANT_CONVERSION = YES;
				CLANG_WARN_DIRECT_OBJC_ISA_USAGE = YES_ERROR;
				CLANG_WARN_EMPTY_BODY = YES;
				CLANG_WARN_ENUM_CONVERSION = YES;
				CLANG_WARN_INT_CONVERSION = YES;
				CLANG_WARN_OBJC_ROOT_CLASS = YES_ERROR;
				CLANG_WARN__DUPLICATE_METHOD_MATCH = YES;
				"CODE_SIGN_IDENTITY[sdk=iphoneos*]" = "iPhone Developer";
				COPY_PHASE_STRIP = NO;
				GCC_C_LANGUAGE_STANDARD = gnu99;
				GCC_DYNAMIC_NO_PIC = NO;
				GCC_OPTIMIZATION_LEVEL = 0;
				GCC_PREPROCESSOR_DEFINITIONS = (
					"DEBUG=1",
					"$(inherited)",
				);
				GCC_SYMBOLS_PRIVATE_EXTERN = NO;
				GCC_WARN_64_TO_32_BIT_CONVERSION = YES;
				GCC_WARN_ABOUT_RETURN_TYPE = YES_ERROR;
				GCC_WARN_UNDECLARED_SELECTOR = YES;
				GCC_WARN_UNINITIALIZED_AUTOS = YES_AGGRESSIVE;
				GCC_WARN_UNUSED_FUNCTION = YES;
				GCC_WARN_UNUSED_VARIABLE = YES;
				IPHONEOS_DEPLOYMENT_TARGET = 7.1;
				ONLY_ACTIVE_ARCH = YES;
				SDKROOT = iphoneos;
			};
			name = Debug;
		};
		BFA5007A1B442B8C003BF7E2 /* Release */ = {
			isa = XCBuildConfiguration;
			buildSettings = {
				ALWAYS_SEARCH_USER_PATHS = NO;
				CLANG_CXX_LANGUAGE_STANDARD = "gnu++0x";
				CLANG_CXX_LIBRARY = "libc++";
				CLANG_ENABLE_MODULES = YES;
				CLANG_ENABLE_OBJC_ARC = YES;
				CLANG_WARN_BOOL_CONVERSION = YES;
				CLANG_WARN_CONSTANT_CONVERSION = YES;
				CLANG_WARN_DIRECT_OBJC_ISA_USAGE = YES_ERROR;
				CLANG_WARN_EMPTY_BODY = YES;
				CLANG_WARN_ENUM_CONVERSION = YES;
				CLANG_WARN_INT_CONVERSION = YES;
				CLANG_WARN_OBJC_ROOT_CLASS = YES_ERROR;
				CLANG_WARN__DUPLICATE_METHOD_MATCH = YES;
				"CODE_SIGN_IDENTITY[sdk=iphoneos*]" = "iPhone Developer";
				COPY_PHASE_STRIP = YES;
				ENABLE_NS_ASSERTIONS = NO;
				GCC_C_LANGUAGE_STANDARD = gnu99;
				GCC_WARN_64_TO_32_BIT_CONVERSION = YES;
				GCC_WARN_ABOUT_RETURN_TYPE = YES_ERROR;
				GCC_WARN_UNDECLARED_SELECTOR = YES;
				GCC_WARN_UNINITIALIZED_AUTOS = YES_AGGRESSIVE;
				GCC_WARN_UNUSED_FUNCTION = YES;
				GCC_WARN_UNUSED_VARIABLE = YES;
				IPHONEOS_DEPLOYMENT_TARGET = 7.1;
				SDKROOT = iphoneos;
				VALIDATE_PRODUCT = YES;
			};
			name = Release;
		};
		BFA5007C1B442B8C003BF7E2 /* Debug */ = {
			isa = XCBuildConfiguration;
			buildSettings = {
				ASSETCATALOG_COMPILER_APPICON_NAME = AppIcon;
				ASSETCATALOG_COMPILER_LAUNCHIMAGE_NAME = LaunchImage;
				GCC_PRECOMPILE_PREFIX_HEADER = YES;
				GCC_PREFIX_HEADER = "BoomEat/BoomEat-Prefix.pch";
				INFOPLIST_FILE = "BoomEat/BoomEat-Info.plist";
				PRODUCT_NAME = "$(TARGET_NAME)";
				WRAPPER_EXTENSION = app;
			};
			name = Debug;
		};
		BFA5007D1B442B8C003BF7E2 /* Release */ = {
			isa = XCBuildConfiguration;
			buildSettings = {
				ASSETCATALOG_COMPILER_APPICON_NAME = AppIcon;
				ASSETCATALOG_COMPILER_LAUNCHIMAGE_NAME = LaunchImage;
				GCC_PRECOMPILE_PREFIX_HEADER = YES;
				GCC_PREFIX_HEADER = "BoomEat/BoomEat-Prefix.pch";
				INFOPLIST_FILE = "BoomEat/BoomEat-Info.plist";
				PRODUCT_NAME = "$(TARGET_NAME)";
				WRAPPER_EXTENSION = app;
			};
			name = Release;
		};
		BFA5007F1B442B8C003BF7E2 /* Debug */ = {
			isa = XCBuildConfiguration;
			buildSettings = {
				BUNDLE_LOADER = "$(BUILT_PRODUCTS_DIR)/BoomEat.app/BoomEat";
				FRAMEWORK_SEARCH_PATHS = (
					"$(SDKROOT)/Developer/Library/Frameworks",
					"$(inherited)",
					"$(DEVELOPER_FRAMEWORKS_DIR)",
				);
				GCC_PRECOMPILE_PREFIX_HEADER = YES;
				GCC_PREFIX_HEADER = "BoomEat/BoomEat-Prefix.pch";
				GCC_PREPROCESSOR_DEFINITIONS = (
					"DEBUG=1",
					"$(inherited)",
				);
				INFOPLIST_FILE = "BoomEatTests/BoomEatTests-Info.plist";
				PRODUCT_NAME = "$(TARGET_NAME)";
				TEST_HOST = "$(BUNDLE_LOADER)";
				WRAPPER_EXTENSION = xctest;
			};
			name = Debug;
		};
		BFA500801B442B8C003BF7E2 /* Release */ = {
			isa = XCBuildConfiguration;
			buildSettings = {
				BUNDLE_LOADER = "$(BUILT_PRODUCTS_DIR)/BoomEat.app/BoomEat";
				FRAMEWORK_SEARCH_PATHS = (
					"$(SDKROOT)/Developer/Library/Frameworks",
					"$(inherited)",
					"$(DEVELOPER_FRAMEWORKS_DIR)",
				);
				GCC_PRECOMPILE_PREFIX_HEADER = YES;
				GCC_PREFIX_HEADER = "BoomEat/BoomEat-Prefix.pch";
				INFOPLIST_FILE = "BoomEatTests/BoomEatTests-Info.plist";
				PRODUCT_NAME = "$(TARGET_NAME)";
				TEST_HOST = "$(BUNDLE_LOADER)";
				WRAPPER_EXTENSION = xctest;
			};
			name = Release;
		};
/* End XCBuildConfiguration section */

/* Begin XCConfigurationList section */
		BFA5004A1B442B8C003BF7E2 /* Build configuration list for PBXProject "BoomEat" */ = {
			isa = XCConfigurationList;
			buildConfigurations = (
				BFA500791B442B8C003BF7E2 /* Debug */,
				BFA5007A1B442B8C003BF7E2 /* Release */,
			);
			defaultConfigurationIsVisible = 0;
			defaultConfigurationName = Release;
		};
		BFA5007B1B442B8C003BF7E2 /* Build configuration list for PBXNativeTarget "BoomEat" */ = {
			isa = XCConfigurationList;
			buildConfigurations = (
				BFA5007C1B442B8C003BF7E2 /* Debug */,
				BFA5007D1B442B8C003BF7E2 /* Release */,
			);
			defaultConfigurationIsVisible = 0;
			defaultConfigurationName = Release;
		};
		BFA5007E1B442B8C003BF7E2 /* Build configuration list for PBXNativeTarget "BoomEatTests" */ = {
			isa = XCConfigurationList;
			buildConfigurations = (
				BFA5007F1B442B8C003BF7E2 /* Debug */,
				BFA500801B442B8C003BF7E2 /* Release */,
			);
			defaultConfigurationIsVisible = 0;
			defaultConfigurationName = Release;
		};
/* End XCConfigurationList section */
	};
	rootObject = BFA500471B442B8C003BF7E2 /* Project object */;
}
